// !$*UTF8*$!
{
	archiveVersion = 1;
	classes = {
	};
	objectVersion = 54;
	objects = {

/* Begin PBXBuildFile section */
		00E356F31AD99517003FC87E /* LearnArabicTests.m in Sources */ = {isa = PBXBuildFile; fileRef = 00E356F21AD99517003FC87E /* LearnArabicTests.m */; };
		046D08F729D944BAAF3224F6 /* NotoNaskhArabicUI-Regular.ttf in Resources */ = {isa = PBXBuildFile; fileRef = 47E6DB2B603948F08D42B8C3 /* NotoNaskhArabicUI-Regular.ttf */; };
		0C80B921A6F3F58F76C31292 /* libPods-LearnArabic.a in Frameworks */ = {isa = PBXBuildFile; fileRef = 5DCACB8F33CDC322A6C60F78 /* libPods-LearnArabic.a */; };
		13B07FBC1A68108700A75B9A /* AppDelegate.mm in Sources */ = {isa = PBXBuildFile; fileRef = 13B07FB01A68108700A75B9A /* AppDelegate.mm */; };
		13B07FBF1A68108700A75B9A /* Images.xcassets in Resources */ = {isa = PBXBuildFile; fileRef = 13B07FB51A68108700A75B9A /* Images.xcassets */; };
		13B07FC11A68108700A75B9A /* main.m in Sources */ = {isa = PBXBuildFile; fileRef = 13B07FB71A68108700A75B9A /* main.m */; };
		19EF5AA8F2024A7A9CE267A8 /* Amiri-Italic.ttf in Resources */ = {isa = PBXBuildFile; fileRef = 6E865E0E296441559EBC9014 /* Amiri-Italic.ttf */; };
		205A761C884841548899F065 /* OFL.txt in Resources */ = {isa = PBXBuildFile; fileRef = 703833D03DCB4E2D86B494A9 /* OFL.txt */; };
		313F4BEB2B2367F2000BF913 /* tickingSound.mp3 in Resources */ = {isa = PBXBuildFile; fileRef = 313F4BEA2B2367F2000BF913 /* tickingSound.mp3 */; };
		3153105C2B3475D0000DBE54 /* level_1_doodee.mp3 in Resources */ = {isa = PBXBuildFile; fileRef = 3153104A2B3475CF000DBE54 /* level_1_doodee.mp3 */; };
		3153105D2B3475D0000DBE54 /* l1_listen_sort_daadee_doodee_daadi.mp3 in Resources */ = {isa = PBXBuildFile; fileRef = 3153104B2B3475CF000DBE54 /* l1_listen_sort_daadee_doodee_daadi.mp3 */; };
		3153105E2B3475D0000DBE54 /* level_1_doodoo.mp3 in Resources */ = {isa = PBXBuildFile; fileRef = 3153104C2B3475CF000DBE54 /* level_1_doodoo.mp3 */; };
		3153105F2B3475D0000DBE54 /* level_1_3_dee.mp3 in Resources */ = {isa = PBXBuildFile; fileRef = 3153104D2B3475CF000DBE54 /* level_1_3_dee.mp3 */; };
		315310602B3475D0000DBE54 /* level_1_daadi.mp3 in Resources */ = {isa = PBXBuildFile; fileRef = 3153104E2B3475CF000DBE54 /* level_1_daadi.mp3 */; };
		315310612B3475D0000DBE54 /* l1_isten_sort_doo_dee_daa.mp3 in Resources */ = {isa = PBXBuildFile; fileRef = 3153104F2B3475CF000DBE54 /* l1_isten_sort_doo_dee_daa.mp3 */; };
		315310622B3475D0000DBE54 /* level_1_daadee.mp3 in Resources */ = {isa = PBXBuildFile; fileRef = 315310502B3475CF000DBE54 /* level_1_daadee.mp3 */; };
		315310632B3475D0000DBE54 /* l1_listen_sort_dood_doo_doo_doodee.mp3 in Resources */ = {isa = PBXBuildFile; fileRef = 315310512B3475D0000DBE54 /* l1_listen_sort_dood_doo_doo_doodee.mp3 */; };
		315310642B3475D0000DBE54 /* level_1_7_doodaa.mp3 in Resources */ = {isa = PBXBuildFile; fileRef = 315310522B3475D0000DBE54 /* level_1_7_doodaa.mp3 */; };
		315310652B3475D0000DBE54 /* level_1_daada.mp3 in Resources */ = {isa = PBXBuildFile; fileRef = 315310532B3475D0000DBE54 /* level_1_daada.mp3 */; };
		315310662B3475D0000DBE54 /* level_1_6_daadoo.mp3 in Resources */ = {isa = PBXBuildFile; fileRef = 315310542B3475D0000DBE54 /* level_1_6_daadoo.mp3 */; };
		315310672B3475D0000DBE54 /* level_1_2_daa.mp3 in Resources */ = {isa = PBXBuildFile; fileRef = 315310552B3475D0000DBE54 /* level_1_2_daa.mp3 */; };
		315310682B3475D0000DBE54 /* l1_listen_sort_daadaa_doodee_doodoo.mp3 in Resources */ = {isa = PBXBuildFile; fileRef = 315310562B3475D0000DBE54 /* l1_listen_sort_daadaa_doodee_doodoo.mp3 */; };
		315310692B3475D0000DBE54 /* level_1_4_dau.mp3 in Resources */ = {isa = PBXBuildFile; fileRef = 315310572B3475D0000DBE54 /* level_1_4_dau.mp3 */; };
		3153106A2B3475D0000DBE54 /* level_1_5_daadaa.mp3 in Resources */ = {isa = PBXBuildFile; fileRef = 315310582B3475D0000DBE54 /* level_1_5_daadaa.mp3 */; };
		3153106B2B3475D0000DBE54 /* level_1_daadu.mp3 in Resources */ = {isa = PBXBuildFile; fileRef = 315310592B3475D0000DBE54 /* level_1_daadu.mp3 */; };
		3153106C2B3475D0000DBE54 /* level_1_1_doo.mp3 in Resources */ = {isa = PBXBuildFile; fileRef = 3153105A2B3475D0000DBE54 /* level_1_1_doo.mp3 */; };
		3153106D2B3475D0000DBE54 /* l1_isten_sort_do_dood_doo.mp3 in Resources */ = {isa = PBXBuildFile; fileRef = 3153105B2B3475D0000DBE54 /* l1_isten_sort_do_dood_doo.mp3 */; };
		318D7F0F2B519BFF006837B8 /* long_vowels.mp3 in Resources */ = {isa = PBXBuildFile; fileRef = 318D7F0D2B519BFF006837B8 /* long_vowels.mp3 */; };
		318D7F102B519BFF006837B8 /* short_vowels.mp3 in Resources */ = {isa = PBXBuildFile; fileRef = 318D7F0E2B519BFF006837B8 /* short_vowels.mp3 */; };
		4F2340A52CB64619B17F2161 /* Roboto-Bold.ttf in Resources */ = {isa = PBXBuildFile; fileRef = BF1B37ACD1C04B14B009F47F /* Roboto-Bold.ttf */; };
		6739B23F104849CB817229E2 /* Podkova-Regular.ttf in Resources */ = {isa = PBXBuildFile; fileRef = 19B502C7273D4B6EB6325915 /* Podkova-Regular.ttf */; };
		7699B88040F8A987B510C191 /* libPods-LearnArabic-LearnArabicTests.a in Frameworks */ = {isa = PBXBuildFile; fileRef = 19F6CBCC0A4E27FBF8BF4A61 /* libPods-LearnArabic-LearnArabicTests.a */; };
		81AB9BB82411601600AC10FF /* LaunchScreen.storyboard in Resources */ = {isa = PBXBuildFile; fileRef = 81AB9BB72411601600AC10FF /* LaunchScreen.storyboard */; };
		82B46A5D8B9B401EBEC83D27 /* Amiri-Bold.ttf in Resources */ = {isa = PBXBuildFile; fileRef = 7C4755819310449A9C19F88C /* Amiri-Bold.ttf */; };
		940404198CD64D81ACF4CD09 /* Roboto-Light.ttf in Resources */ = {isa = PBXBuildFile; fileRef = D859C29D9DA243D4A3D11B2F /* Roboto-Light.ttf */; };
		A37DBDFB39C840F4BDAD4B44 /* Lateef Regular.ttf in Resources */ = {isa = PBXBuildFile; fileRef = 9CB05D3399EC45579E20C1CE /* Lateef Regular.ttf */; };
		B664D7BA6AAA40FA957B501B /* Podkova-Bold.ttf in Resources */ = {isa = PBXBuildFile; fileRef = AB99AEBAA63E45918A6598FE /* Podkova-Bold.ttf */; };
		BA71EA67537A4ABD8484F2CC /* NotoNaskhArabic-Bold.ttf in Resources */ = {isa = PBXBuildFile; fileRef = 1112BE10A7D24188A250DF4E /* NotoNaskhArabic-Bold.ttf */; };
		BE17FD0EA4884551A4F1FBDF /* Roboto-Thin.ttf in Resources */ = {isa = PBXBuildFile; fileRef = DBC009EB507F460F9EFF307B /* Roboto-Thin.ttf */; };
		D2F22EE9A1D74AB99AD60751 /* Amiri-BoldItalic.ttf in Resources */ = {isa = PBXBuildFile; fileRef = 2BD332E4A4414E9C9F944F6F /* Amiri-BoldItalic.ttf */; };
		E08C103F13894A6B85286099 /* Amiri-Regular.ttf in Resources */ = {isa = PBXBuildFile; fileRef = 09AC41B27F5144E2B8601D3D /* Amiri-Regular.ttf */; };
		F8E9EE40CD6F4815B68C671D /* NotoNaskhArabic-Regular.ttf in Resources */ = {isa = PBXBuildFile; fileRef = A72FE039CB3B4A0F9E4F2F43 /* NotoNaskhArabic-Regular.ttf */; };
		FB51C76420204203B5488A88 /* NotoNaskhArabicUI-Bold.ttf in Resources */ = {isa = PBXBuildFile; fileRef = 843C05C2FA1B48BEA6686F6B /* NotoNaskhArabicUI-Bold.ttf */; };
/* End PBXBuildFile section */

/* Begin PBXContainerItemProxy section */
		00E356F41AD99517003FC87E /* PBXContainerItemProxy */ = {
			isa = PBXContainerItemProxy;
			containerPortal = 83CBB9F71A601CBA00E9B192 /* Project object */;
			proxyType = 1;
			remoteGlobalIDString = 13B07F861A680F5B00A75B9A;
			remoteInfo = LearnArabic;
		};
/* End PBXContainerItemProxy section */

/* Begin PBXFileReference section */
		00E356EE1AD99517003FC87E /* LearnArabicTests.xctest */ = {isa = PBXFileReference; explicitFileType = wrapper.cfbundle; includeInIndex = 0; path = LearnArabicTests.xctest; sourceTree = BUILT_PRODUCTS_DIR; };
		00E356F11AD99517003FC87E /* Info.plist */ = {isa = PBXFileReference; lastKnownFileType = text.plist.xml; path = Info.plist; sourceTree = "<group>"; };
		00E356F21AD99517003FC87E /* LearnArabicTests.m */ = {isa = PBXFileReference; lastKnownFileType = sourcecode.c.objc; path = LearnArabicTests.m; sourceTree = "<group>"; };
		09AC41B27F5144E2B8601D3D /* Amiri-Regular.ttf */ = {isa = PBXFileReference; explicitFileType = undefined; fileEncoding = 9; includeInIndex = 0; lastKnownFileType = unknown; name = "Amiri-Regular.ttf"; path = "../assets/fonts/Amiri-Regular.ttf"; sourceTree = "<group>"; };
		1112BE10A7D24188A250DF4E /* NotoNaskhArabic-Bold.ttf */ = {isa = PBXFileReference; explicitFileType = undefined; fileEncoding = 9; includeInIndex = 0; lastKnownFileType = unknown; name = "NotoNaskhArabic-Bold.ttf"; path = "../assets/fonts/NotoNaskhArabic-Bold.ttf"; sourceTree = "<group>"; };
		13B07F961A680F5B00A75B9A /* LearnArabic.app */ = {isa = PBXFileReference; explicitFileType = wrapper.application; includeInIndex = 0; path = LearnArabic.app; sourceTree = BUILT_PRODUCTS_DIR; };
		13B07FAF1A68108700A75B9A /* AppDelegate.h */ = {isa = PBXFileReference; fileEncoding = 4; lastKnownFileType = sourcecode.c.h; name = AppDelegate.h; path = LearnArabic/AppDelegate.h; sourceTree = "<group>"; };
		13B07FB01A68108700A75B9A /* AppDelegate.mm */ = {isa = PBXFileReference; fileEncoding = 4; lastKnownFileType = sourcecode.cpp.objcpp; name = AppDelegate.mm; path = LearnArabic/AppDelegate.mm; sourceTree = "<group>"; };
		13B07FB51A68108700A75B9A /* Images.xcassets */ = {isa = PBXFileReference; lastKnownFileType = folder.assetcatalog; name = Images.xcassets; path = LearnArabic/Images.xcassets; sourceTree = "<group>"; };
		13B07FB61A68108700A75B9A /* Info.plist */ = {isa = PBXFileReference; fileEncoding = 4; lastKnownFileType = text.plist.xml; name = Info.plist; path = LearnArabic/Info.plist; sourceTree = "<group>"; };
		13B07FB71A68108700A75B9A /* main.m */ = {isa = PBXFileReference; fileEncoding = 4; lastKnownFileType = sourcecode.c.objc; name = main.m; path = LearnArabic/main.m; sourceTree = "<group>"; };
		19B502C7273D4B6EB6325915 /* Podkova-Regular.ttf */ = {isa = PBXFileReference; explicitFileType = undefined; fileEncoding = 9; includeInIndex = 0; lastKnownFileType = unknown; name = "Podkova-Regular.ttf"; path = "../assets/fonts/Podkova-Regular.ttf"; sourceTree = "<group>"; };
		19F6CBCC0A4E27FBF8BF4A61 /* libPods-LearnArabic-LearnArabicTests.a */ = {isa = PBXFileReference; explicitFileType = archive.ar; includeInIndex = 0; path = "libPods-LearnArabic-LearnArabicTests.a"; sourceTree = BUILT_PRODUCTS_DIR; };
		2BD332E4A4414E9C9F944F6F /* Amiri-BoldItalic.ttf */ = {isa = PBXFileReference; explicitFileType = undefined; fileEncoding = 9; includeInIndex = 0; lastKnownFileType = unknown; name = "Amiri-BoldItalic.ttf"; path = "../assets/fonts/Amiri-BoldItalic.ttf"; sourceTree = "<group>"; };
		313F4BEA2B2367F2000BF913 /* tickingSound.mp3 */ = {isa = PBXFileReference; lastKnownFileType = audio.mp3; path = tickingSound.mp3; sourceTree = "<group>"; };
		3153104A2B3475CF000DBE54 /* level_1_doodee.mp3 */ = {isa = PBXFileReference; lastKnownFileType = audio.mp3; path = level_1_doodee.mp3; sourceTree = "<group>"; };
		3153104B2B3475CF000DBE54 /* l1_listen_sort_daadee_doodee_daadi.mp3 */ = {isa = PBXFileReference; lastKnownFileType = audio.mp3; path = l1_listen_sort_daadee_doodee_daadi.mp3; sourceTree = "<group>"; };
		3153104C2B3475CF000DBE54 /* level_1_doodoo.mp3 */ = {isa = PBXFileReference; lastKnownFileType = audio.mp3; path = level_1_doodoo.mp3; sourceTree = "<group>"; };
		3153104D2B3475CF000DBE54 /* level_1_3_dee.mp3 */ = {isa = PBXFileReference; lastKnownFileType = audio.mp3; path = level_1_3_dee.mp3; sourceTree = "<group>"; };
		3153104E2B3475CF000DBE54 /* level_1_daadi.mp3 */ = {isa = PBXFileReference; lastKnownFileType = audio.mp3; path = level_1_daadi.mp3; sourceTree = "<group>"; };
		3153104F2B3475CF000DBE54 /* l1_isten_sort_doo_dee_daa.mp3 */ = {isa = PBXFileReference; lastKnownFileType = audio.mp3; path = l1_isten_sort_doo_dee_daa.mp3; sourceTree = "<group>"; };
		315310502B3475CF000DBE54 /* level_1_daadee.mp3 */ = {isa = PBXFileReference; lastKnownFileType = audio.mp3; path = level_1_daadee.mp3; sourceTree = "<group>"; };
		315310512B3475D0000DBE54 /* l1_listen_sort_dood_doo_doo_doodee.mp3 */ = {isa = PBXFileReference; lastKnownFileType = audio.mp3; path = l1_listen_sort_dood_doo_doo_doodee.mp3; sourceTree = "<group>"; };
		315310522B3475D0000DBE54 /* level_1_7_doodaa.mp3 */ = {isa = PBXFileReference; lastKnownFileType = audio.mp3; path = level_1_7_doodaa.mp3; sourceTree = "<group>"; };
		315310532B3475D0000DBE54 /* level_1_daada.mp3 */ = {isa = PBXFileReference; lastKnownFileType = audio.mp3; path = level_1_daada.mp3; sourceTree = "<group>"; };
		315310542B3475D0000DBE54 /* level_1_6_daadoo.mp3 */ = {isa = PBXFileReference; lastKnownFileType = audio.mp3; path = level_1_6_daadoo.mp3; sourceTree = "<group>"; };
		315310552B3475D0000DBE54 /* level_1_2_daa.mp3 */ = {isa = PBXFileReference; lastKnownFileType = audio.mp3; path = level_1_2_daa.mp3; sourceTree = "<group>"; };
		315310562B3475D0000DBE54 /* l1_listen_sort_daadaa_doodee_doodoo.mp3 */ = {isa = PBXFileReference; lastKnownFileType = audio.mp3; path = l1_listen_sort_daadaa_doodee_doodoo.mp3; sourceTree = "<group>"; };
		315310572B3475D0000DBE54 /* level_1_4_dau.mp3 */ = {isa = PBXFileReference; lastKnownFileType = audio.mp3; path = level_1_4_dau.mp3; sourceTree = "<group>"; };
		315310582B3475D0000DBE54 /* level_1_5_daadaa.mp3 */ = {isa = PBXFileReference; lastKnownFileType = audio.mp3; path = level_1_5_daadaa.mp3; sourceTree = "<group>"; };
		315310592B3475D0000DBE54 /* level_1_daadu.mp3 */ = {isa = PBXFileReference; lastKnownFileType = audio.mp3; path = level_1_daadu.mp3; sourceTree = "<group>"; };
		3153105A2B3475D0000DBE54 /* level_1_1_doo.mp3 */ = {isa = PBXFileReference; lastKnownFileType = audio.mp3; path = level_1_1_doo.mp3; sourceTree = "<group>"; };
		3153105B2B3475D0000DBE54 /* l1_isten_sort_do_dood_doo.mp3 */ = {isa = PBXFileReference; lastKnownFileType = audio.mp3; path = l1_isten_sort_do_dood_doo.mp3; sourceTree = "<group>"; };
		318D7F0D2B519BFF006837B8 /* long_vowels.mp3 */ = {isa = PBXFileReference; lastKnownFileType = audio.mp3; name = long_vowels.mp3; path = ../src/DataCollection/sound/long_vowels.mp3; sourceTree = "<group>"; };
		318D7F0E2B519BFF006837B8 /* short_vowels.mp3 */ = {isa = PBXFileReference; lastKnownFileType = audio.mp3; name = short_vowels.mp3; path = ../src/DataCollection/sound/short_vowels.mp3; sourceTree = "<group>"; };
		3B4392A12AC88292D35C810B /* Pods-LearnArabic.debug.xcconfig */ = {isa = PBXFileReference; includeInIndex = 1; lastKnownFileType = text.xcconfig; name = "Pods-LearnArabic.debug.xcconfig"; path = "Target Support Files/Pods-LearnArabic/Pods-LearnArabic.debug.xcconfig"; sourceTree = "<group>"; };
		47E6DB2B603948F08D42B8C3 /* NotoNaskhArabicUI-Regular.ttf */ = {isa = PBXFileReference; explicitFileType = undefined; fileEncoding = 9; includeInIndex = 0; lastKnownFileType = unknown; name = "NotoNaskhArabicUI-Regular.ttf"; path = "../assets/fonts/NotoNaskhArabicUI-Regular.ttf"; sourceTree = "<group>"; };
		5709B34CF0A7D63546082F79 /* Pods-LearnArabic.release.xcconfig */ = {isa = PBXFileReference; includeInIndex = 1; lastKnownFileType = text.xcconfig; name = "Pods-LearnArabic.release.xcconfig"; path = "Target Support Files/Pods-LearnArabic/Pods-LearnArabic.release.xcconfig"; sourceTree = "<group>"; };
		5B7EB9410499542E8C5724F5 /* Pods-LearnArabic-LearnArabicTests.debug.xcconfig */ = {isa = PBXFileReference; includeInIndex = 1; lastKnownFileType = text.xcconfig; name = "Pods-LearnArabic-LearnArabicTests.debug.xcconfig"; path = "Target Support Files/Pods-LearnArabic-LearnArabicTests/Pods-LearnArabic-LearnArabicTests.debug.xcconfig"; sourceTree = "<group>"; };
		5DCACB8F33CDC322A6C60F78 /* libPods-LearnArabic.a */ = {isa = PBXFileReference; explicitFileType = archive.ar; includeInIndex = 0; path = "libPods-LearnArabic.a"; sourceTree = BUILT_PRODUCTS_DIR; };
		6E865E0E296441559EBC9014 /* Amiri-Italic.ttf */ = {isa = PBXFileReference; explicitFileType = undefined; fileEncoding = 9; includeInIndex = 0; lastKnownFileType = unknown; name = "Amiri-Italic.ttf"; path = "../assets/fonts/Amiri-Italic.ttf"; sourceTree = "<group>"; };
		703833D03DCB4E2D86B494A9 /* OFL.txt */ = {isa = PBXFileReference; explicitFileType = undefined; fileEncoding = 9; includeInIndex = 0; lastKnownFileType = unknown; name = OFL.txt; path = ../assets/fonts/OFL.txt; sourceTree = "<group>"; };
		7C4755819310449A9C19F88C /* Amiri-Bold.ttf */ = {isa = PBXFileReference; explicitFileType = undefined; fileEncoding = 9; includeInIndex = 0; lastKnownFileType = unknown; name = "Amiri-Bold.ttf"; path = "../assets/fonts/Amiri-Bold.ttf"; sourceTree = "<group>"; };
		81AB9BB72411601600AC10FF /* LaunchScreen.storyboard */ = {isa = PBXFileReference; fileEncoding = 4; lastKnownFileType = file.storyboard; name = LaunchScreen.storyboard; path = LearnArabic/LaunchScreen.storyboard; sourceTree = "<group>"; };
		843C05C2FA1B48BEA6686F6B /* NotoNaskhArabicUI-Bold.ttf */ = {isa = PBXFileReference; explicitFileType = undefined; fileEncoding = 9; includeInIndex = 0; lastKnownFileType = unknown; name = "NotoNaskhArabicUI-Bold.ttf"; path = "../assets/fonts/NotoNaskhArabicUI-Bold.ttf"; sourceTree = "<group>"; };
		89C6BE57DB24E9ADA2F236DE /* Pods-LearnArabic-LearnArabicTests.release.xcconfig */ = {isa = PBXFileReference; includeInIndex = 1; lastKnownFileType = text.xcconfig; name = "Pods-LearnArabic-LearnArabicTests.release.xcconfig"; path = "Target Support Files/Pods-LearnArabic-LearnArabicTests/Pods-LearnArabic-LearnArabicTests.release.xcconfig"; sourceTree = "<group>"; };
		9CB05D3399EC45579E20C1CE /* Lateef Regular.ttf */ = {isa = PBXFileReference; explicitFileType = undefined; fileEncoding = 9; includeInIndex = 0; lastKnownFileType = unknown; name = "Lateef Regular.ttf"; path = "../assets/fonts/Lateef Regular.ttf"; sourceTree = "<group>"; };
		A72FE039CB3B4A0F9E4F2F43 /* NotoNaskhArabic-Regular.ttf */ = {isa = PBXFileReference; explicitFileType = undefined; fileEncoding = 9; includeInIndex = 0; lastKnownFileType = unknown; name = "NotoNaskhArabic-Regular.ttf"; path = "../assets/fonts/NotoNaskhArabic-Regular.ttf"; sourceTree = "<group>"; };
		AB99AEBAA63E45918A6598FE /* Podkova-Bold.ttf */ = {isa = PBXFileReference; explicitFileType = undefined; fileEncoding = 9; includeInIndex = 0; lastKnownFileType = unknown; name = "Podkova-Bold.ttf"; path = "../assets/fonts/Podkova-Bold.ttf"; sourceTree = "<group>"; };
		BF1B37ACD1C04B14B009F47F /* Roboto-Bold.ttf */ = {isa = PBXFileReference; explicitFileType = undefined; fileEncoding = 9; includeInIndex = 0; lastKnownFileType = unknown; name = "Roboto-Bold.ttf"; path = "../assets/fonts/Roboto-Bold.ttf"; sourceTree = "<group>"; };
		D859C29D9DA243D4A3D11B2F /* Roboto-Light.ttf */ = {isa = PBXFileReference; explicitFileType = undefined; fileEncoding = 9; includeInIndex = 0; lastKnownFileType = unknown; name = "Roboto-Light.ttf"; path = "../assets/fonts/Roboto-Light.ttf"; sourceTree = "<group>"; };
		DBC009EB507F460F9EFF307B /* Roboto-Thin.ttf */ = {isa = PBXFileReference; explicitFileType = undefined; fileEncoding = 9; includeInIndex = 0; lastKnownFileType = unknown; name = "Roboto-Thin.ttf"; path = "../assets/fonts/Roboto-Thin.ttf"; sourceTree = "<group>"; };
		ED297162215061F000B7C4FE /* JavaScriptCore.framework */ = {isa = PBXFileReference; lastKnownFileType = wrapper.framework; name = JavaScriptCore.framework; path = System/Library/Frameworks/JavaScriptCore.framework; sourceTree = SDKROOT; };
/* End PBXFileReference section */

/* Begin PBXFrameworksBuildPhase section */
		00E356EB1AD99517003FC87E /* Frameworks */ = {
			isa = PBXFrameworksBuildPhase;
			buildActionMask = 2147483647;
			files = (
				7699B88040F8A987B510C191 /* libPods-LearnArabic-LearnArabicTests.a in Frameworks */,
			);
			runOnlyForDeploymentPostprocessing = 0;
		};
		13B07F8C1A680F5B00A75B9A /* Frameworks */ = {
			isa = PBXFrameworksBuildPhase;
			buildActionMask = 2147483647;
			files = (
				0C80B921A6F3F58F76C31292 /* libPods-LearnArabic.a in Frameworks */,
			);
			runOnlyForDeploymentPostprocessing = 0;
		};
/* End PBXFrameworksBuildPhase section */

/* Begin PBXGroup section */
		00E356EF1AD99517003FC87E /* LearnArabicTests */ = {
			isa = PBXGroup;
			children = (
				00E356F21AD99517003FC87E /* LearnArabicTests.m */,
				00E356F01AD99517003FC87E /* Supporting Files */,
			);
			path = LearnArabicTests;
			sourceTree = "<group>";
		};
		00E356F01AD99517003FC87E /* Supporting Files */ = {
			isa = PBXGroup;
			children = (
				00E356F11AD99517003FC87E /* Info.plist */,
			);
			name = "Supporting Files";
			sourceTree = "<group>";
		};
		13B07FAE1A68108700A75B9A /* LearnArabic */ = {
			isa = PBXGroup;
			children = (
				13B07FAF1A68108700A75B9A /* AppDelegate.h */,
				13B07FB01A68108700A75B9A /* AppDelegate.mm */,
				13B07FB51A68108700A75B9A /* Images.xcassets */,
				13B07FB61A68108700A75B9A /* Info.plist */,
				81AB9BB72411601600AC10FF /* LaunchScreen.storyboard */,
				13B07FB71A68108700A75B9A /* main.m */,
			);
			name = LearnArabic;
			sourceTree = "<group>";
		};
		2D16E6871FA4F8E400B85C8A /* Frameworks */ = {
			isa = PBXGroup;
			children = (
				ED297162215061F000B7C4FE /* JavaScriptCore.framework */,
				5DCACB8F33CDC322A6C60F78 /* libPods-LearnArabic.a */,
				19F6CBCC0A4E27FBF8BF4A61 /* libPods-LearnArabic-LearnArabicTests.a */,
			);
			name = Frameworks;
			sourceTree = "<group>";
		};
		4101CFB30E1046AC9A05CD63 /* Resources */ = {
			isa = PBXGroup;
			children = (
				9CB05D3399EC45579E20C1CE /* Lateef Regular.ttf */,
				7C4755819310449A9C19F88C /* Amiri-Bold.ttf */,
				2BD332E4A4414E9C9F944F6F /* Amiri-BoldItalic.ttf */,
				6E865E0E296441559EBC9014 /* Amiri-Italic.ttf */,
				09AC41B27F5144E2B8601D3D /* Amiri-Regular.ttf */,
				703833D03DCB4E2D86B494A9 /* OFL.txt */,
				1112BE10A7D24188A250DF4E /* NotoNaskhArabic-Bold.ttf */,
				A72FE039CB3B4A0F9E4F2F43 /* NotoNaskhArabic-Regular.ttf */,
				843C05C2FA1B48BEA6686F6B /* NotoNaskhArabicUI-Bold.ttf */,
				47E6DB2B603948F08D42B8C3 /* NotoNaskhArabicUI-Regular.ttf */,
				AB99AEBAA63E45918A6598FE /* Podkova-Bold.ttf */,
				19B502C7273D4B6EB6325915 /* Podkova-Regular.ttf */,
				BF1B37ACD1C04B14B009F47F /* Roboto-Bold.ttf */,
				D859C29D9DA243D4A3D11B2F /* Roboto-Light.ttf */,
				DBC009EB507F460F9EFF307B /* Roboto-Thin.ttf */,
			);
			name = Resources;
			sourceTree = "<group>";
		};
		832341AE1AAA6A7D00B99B32 /* Libraries */ = {
			isa = PBXGroup;
			children = (
			);
			name = Libraries;
			sourceTree = "<group>";
		};
		83CBB9F61A601CBA00E9B192 = {
			isa = PBXGroup;
			children = (
				318D7F0D2B519BFF006837B8 /* long_vowels.mp3 */,
				318D7F0E2B519BFF006837B8 /* short_vowels.mp3 */,
				313F4BEA2B2367F2000BF913 /* tickingSound.mp3 */,
				3153105B2B3475D0000DBE54 /* l1_isten_sort_do_dood_doo.mp3 */,
				3153104F2B3475CF000DBE54 /* l1_isten_sort_doo_dee_daa.mp3 */,
				315310562B3475D0000DBE54 /* l1_listen_sort_daadaa_doodee_doodoo.mp3 */,
				3153104B2B3475CF000DBE54 /* l1_listen_sort_daadee_doodee_daadi.mp3 */,
				315310512B3475D0000DBE54 /* l1_listen_sort_dood_doo_doo_doodee.mp3 */,
				3153105A2B3475D0000DBE54 /* level_1_1_doo.mp3 */,
				315310552B3475D0000DBE54 /* level_1_2_daa.mp3 */,
				3153104D2B3475CF000DBE54 /* level_1_3_dee.mp3 */,
				315310572B3475D0000DBE54 /* level_1_4_dau.mp3 */,
				315310582B3475D0000DBE54 /* level_1_5_daadaa.mp3 */,
				315310542B3475D0000DBE54 /* level_1_6_daadoo.mp3 */,
				315310522B3475D0000DBE54 /* level_1_7_doodaa.mp3 */,
				315310532B3475D0000DBE54 /* level_1_daada.mp3 */,
				315310502B3475CF000DBE54 /* level_1_daadee.mp3 */,
				3153104E2B3475CF000DBE54 /* level_1_daadi.mp3 */,
				315310592B3475D0000DBE54 /* level_1_daadu.mp3 */,
				3153104A2B3475CF000DBE54 /* level_1_doodee.mp3 */,
				3153104C2B3475CF000DBE54 /* level_1_doodoo.mp3 */,
				13B07FAE1A68108700A75B9A /* LearnArabic */,
				832341AE1AAA6A7D00B99B32 /* Libraries */,
				00E356EF1AD99517003FC87E /* LearnArabicTests */,
				83CBBA001A601CBA00E9B192 /* Products */,
				2D16E6871FA4F8E400B85C8A /* Frameworks */,
				BBD78D7AC51CEA395F1C20DB /* Pods */,
				4101CFB30E1046AC9A05CD63 /* Resources */,
			);
			indentWidth = 2;
			sourceTree = "<group>";
			tabWidth = 2;
			usesTabs = 0;
		};
		83CBBA001A601CBA00E9B192 /* Products */ = {
			isa = PBXGroup;
			children = (
				13B07F961A680F5B00A75B9A /* LearnArabic.app */,
				00E356EE1AD99517003FC87E /* LearnArabicTests.xctest */,
			);
			name = Products;
			sourceTree = "<group>";
		};
		BBD78D7AC51CEA395F1C20DB /* Pods */ = {
			isa = PBXGroup;
			children = (
				3B4392A12AC88292D35C810B /* Pods-LearnArabic.debug.xcconfig */,
				5709B34CF0A7D63546082F79 /* Pods-LearnArabic.release.xcconfig */,
				5B7EB9410499542E8C5724F5 /* Pods-LearnArabic-LearnArabicTests.debug.xcconfig */,
				89C6BE57DB24E9ADA2F236DE /* Pods-LearnArabic-LearnArabicTests.release.xcconfig */,
			);
			path = Pods;
			sourceTree = "<group>";
		};
/* End PBXGroup section */

/* Begin PBXNativeTarget section */
		00E356ED1AD99517003FC87E /* LearnArabicTests */ = {
			isa = PBXNativeTarget;
			buildConfigurationList = 00E357021AD99517003FC87E /* Build configuration list for PBXNativeTarget "LearnArabicTests" */;
			buildPhases = (
				A55EABD7B0C7F3A422A6CC61 /* [CP] Check Pods Manifest.lock */,
				00E356EA1AD99517003FC87E /* Sources */,
				00E356EB1AD99517003FC87E /* Frameworks */,
				00E356EC1AD99517003FC87E /* Resources */,
				C59DA0FBD6956966B86A3779 /* [CP] Embed Pods Frameworks */,
				F6A41C54EA430FDDC6A6ED99 /* [CP] Copy Pods Resources */,
			);
			buildRules = (
			);
			dependencies = (
				00E356F51AD99517003FC87E /* PBXTargetDependency */,
			);
			name = LearnArabicTests;
			productName = LearnArabicTests;
			productReference = 00E356EE1AD99517003FC87E /* LearnArabicTests.xctest */;
			productType = "com.apple.product-type.bundle.unit-test";
		};
		13B07F861A680F5B00A75B9A /* LearnArabic */ = {
			isa = PBXNativeTarget;
			buildConfigurationList = 13B07F931A680F5B00A75B9A /* Build configuration list for PBXNativeTarget "LearnArabic" */;
			buildPhases = (
				C38B50BA6285516D6DCD4F65 /* [CP] Check Pods Manifest.lock */,
				FD10A7F022414F080027D42C /* Start Packager */,
				13B07F871A680F5B00A75B9A /* Sources */,
				13B07F8C1A680F5B00A75B9A /* Frameworks */,
				13B07F8E1A680F5B00A75B9A /* Resources */,
				00DD1BFF1BD5951E006B06BC /* Bundle React Native code and images */,
				00EEFC60759A1932668264C0 /* [CP] Embed Pods Frameworks */,
				E235C05ADACE081382539298 /* [CP] Copy Pods Resources */,
			);
			buildRules = (
			);
			dependencies = (
			);
			name = LearnArabic;
			productName = LearnArabic;
			productReference = 13B07F961A680F5B00A75B9A /* LearnArabic.app */;
			productType = "com.apple.product-type.application";
		};
/* End PBXNativeTarget section */

/* Begin PBXProject section */
		83CBB9F71A601CBA00E9B192 /* Project object */ = {
			isa = PBXProject;
			attributes = {
				LastUpgradeCheck = 1210;
				TargetAttributes = {
					00E356ED1AD99517003FC87E = {
						CreatedOnToolsVersion = 6.2;
						TestTargetID = 13B07F861A680F5B00A75B9A;
					};
					13B07F861A680F5B00A75B9A = {
						LastSwiftMigration = 1120;
					};
				};
			};
			buildConfigurationList = 83CBB9FA1A601CBA00E9B192 /* Build configuration list for PBXProject "LearnArabic" */;
			compatibilityVersion = "Xcode 12.0";
			developmentRegion = en;
			hasScannedForEncodings = 0;
			knownRegions = (
				en,
				Base,
			);
			mainGroup = 83CBB9F61A601CBA00E9B192;
			productRefGroup = 83CBBA001A601CBA00E9B192 /* Products */;
			projectDirPath = "";
			projectRoot = "";
			targets = (
				13B07F861A680F5B00A75B9A /* LearnArabic */,
				00E356ED1AD99517003FC87E /* LearnArabicTests */,
			);
		};
/* End PBXProject section */

/* Begin PBXResourcesBuildPhase section */
		00E356EC1AD99517003FC87E /* Resources */ = {
			isa = PBXResourcesBuildPhase;
			buildActionMask = 2147483647;
			files = (
			);
			runOnlyForDeploymentPostprocessing = 0;
		};
		13B07F8E1A680F5B00A75B9A /* Resources */ = {
			isa = PBXResourcesBuildPhase;
			buildActionMask = 2147483647;
			files = (
				313F4BEB2B2367F2000BF913 /* tickingSound.mp3 in Resources */,
				315310692B3475D0000DBE54 /* level_1_4_dau.mp3 in Resources */,
				81AB9BB82411601600AC10FF /* LaunchScreen.storyboard in Resources */,
				315310672B3475D0000DBE54 /* level_1_2_daa.mp3 in Resources */,
				3153106D2B3475D0000DBE54 /* l1_isten_sort_do_dood_doo.mp3 in Resources */,
				13B07FBF1A68108700A75B9A /* Images.xcassets in Resources */,
				A37DBDFB39C840F4BDAD4B44 /* Lateef Regular.ttf in Resources */,
				3153105E2B3475D0000DBE54 /* level_1_doodoo.mp3 in Resources */,
				3153106C2B3475D0000DBE54 /* level_1_1_doo.mp3 in Resources */,
				315310632B3475D0000DBE54 /* l1_listen_sort_dood_doo_doo_doodee.mp3 in Resources */,
				3153106B2B3475D0000DBE54 /* level_1_daadu.mp3 in Resources */,
				82B46A5D8B9B401EBEC83D27 /* Amiri-Bold.ttf in Resources */,
				D2F22EE9A1D74AB99AD60751 /* Amiri-BoldItalic.ttf in Resources */,
				19EF5AA8F2024A7A9CE267A8 /* Amiri-Italic.ttf in Resources */,
				315310602B3475D0000DBE54 /* level_1_daadi.mp3 in Resources */,
				E08C103F13894A6B85286099 /* Amiri-Regular.ttf in Resources */,
				205A761C884841548899F065 /* OFL.txt in Resources */,
				318D7F0F2B519BFF006837B8 /* long_vowels.mp3 in Resources */,
				BA71EA67537A4ABD8484F2CC /* NotoNaskhArabic-Bold.ttf in Resources */,
				F8E9EE40CD6F4815B68C671D /* NotoNaskhArabic-Regular.ttf in Resources */,
				315310642B3475D0000DBE54 /* level_1_7_doodaa.mp3 in Resources */,
				318D7F102B519BFF006837B8 /* short_vowels.mp3 in Resources */,
				FB51C76420204203B5488A88 /* NotoNaskhArabicUI-Bold.ttf in Resources */,
				3153106A2B3475D0000DBE54 /* level_1_5_daadaa.mp3 in Resources */,
				046D08F729D944BAAF3224F6 /* NotoNaskhArabicUI-Regular.ttf in Resources */,
				B664D7BA6AAA40FA957B501B /* Podkova-Bold.ttf in Resources */,
				315310682B3475D0000DBE54 /* l1_listen_sort_daadaa_doodee_doodoo.mp3 in Resources */,
				315310622B3475D0000DBE54 /* level_1_daadee.mp3 in Resources */,
				3153105C2B3475D0000DBE54 /* level_1_doodee.mp3 in Resources */,
				6739B23F104849CB817229E2 /* Podkova-Regular.ttf in Resources */,
				4F2340A52CB64619B17F2161 /* Roboto-Bold.ttf in Resources */,
				315310612B3475D0000DBE54 /* l1_isten_sort_doo_dee_daa.mp3 in Resources */,
				3153105D2B3475D0000DBE54 /* l1_listen_sort_daadee_doodee_daadi.mp3 in Resources */,
				940404198CD64D81ACF4CD09 /* Roboto-Light.ttf in Resources */,
				315310662B3475D0000DBE54 /* level_1_6_daadoo.mp3 in Resources */,
				3153105F2B3475D0000DBE54 /* level_1_3_dee.mp3 in Resources */,
				315310652B3475D0000DBE54 /* level_1_daada.mp3 in Resources */,
				BE17FD0EA4884551A4F1FBDF /* Roboto-Thin.ttf in Resources */,
			);
			runOnlyForDeploymentPostprocessing = 0;
		};
/* End PBXResourcesBuildPhase section */

/* Begin PBXShellScriptBuildPhase section */
		00DD1BFF1BD5951E006B06BC /* Bundle React Native code and images */ = {
			isa = PBXShellScriptBuildPhase;
			buildActionMask = 2147483647;
			files = (
			);
			inputPaths = (
				"$(SRCROOT)/.xcode.env.local",
				"$(SRCROOT)/.xcode.env",
			);
			name = "Bundle React Native code and images";
			outputPaths = (
			);
			runOnlyForDeploymentPostprocessing = 0;
			shellPath = /bin/sh;
			shellScript = "set -e\n\nWITH_ENVIRONMENT=\"../node_modules/react-native/scripts/xcode/with-environment.sh\"\nREACT_NATIVE_XCODE=\"../node_modules/react-native/scripts/react-native-xcode.sh\"\n\n/bin/sh -c \"$WITH_ENVIRONMENT $REACT_NATIVE_XCODE\"\n";
		};
		00EEFC60759A1932668264C0 /* [CP] Embed Pods Frameworks */ = {
			isa = PBXShellScriptBuildPhase;
			buildActionMask = 2147483647;
			files = (
			);
			inputFileListPaths = (
				"${PODS_ROOT}/Target Support Files/Pods-LearnArabic/Pods-LearnArabic-frameworks-${CONFIGURATION}-input-files.xcfilelist",
			);
			name = "[CP] Embed Pods Frameworks";
			outputFileListPaths = (
				"${PODS_ROOT}/Target Support Files/Pods-LearnArabic/Pods-LearnArabic-frameworks-${CONFIGURATION}-output-files.xcfilelist",
			);
			runOnlyForDeploymentPostprocessing = 0;
			shellPath = /bin/sh;
			shellScript = "\"${PODS_ROOT}/Target Support Files/Pods-LearnArabic/Pods-LearnArabic-frameworks.sh\"\n";
			showEnvVarsInLog = 0;
		};
		A55EABD7B0C7F3A422A6CC61 /* [CP] Check Pods Manifest.lock */ = {
			isa = PBXShellScriptBuildPhase;
			buildActionMask = 2147483647;
			files = (
			);
			inputFileListPaths = (
			);
			inputPaths = (
				"${PODS_PODFILE_DIR_PATH}/Podfile.lock",
				"${PODS_ROOT}/Manifest.lock",
			);
			name = "[CP] Check Pods Manifest.lock";
			outputFileListPaths = (
			);
			outputPaths = (
				"$(DERIVED_FILE_DIR)/Pods-LearnArabic-LearnArabicTests-checkManifestLockResult.txt",
			);
			runOnlyForDeploymentPostprocessing = 0;
			shellPath = /bin/sh;
			shellScript = "diff \"${PODS_PODFILE_DIR_PATH}/Podfile.lock\" \"${PODS_ROOT}/Manifest.lock\" > /dev/null\nif [ $? != 0 ] ; then\n    # print error to STDERR\n    echo \"error: The sandbox is not in sync with the Podfile.lock. Run 'pod install' or update your CocoaPods installation.\" >&2\n    exit 1\nfi\n# This output is used by Xcode 'outputs' to avoid re-running this script phase.\necho \"SUCCESS\" > \"${SCRIPT_OUTPUT_FILE_0}\"\n";
			showEnvVarsInLog = 0;
		};
		C38B50BA6285516D6DCD4F65 /* [CP] Check Pods Manifest.lock */ = {
			isa = PBXShellScriptBuildPhase;
			buildActionMask = 2147483647;
			files = (
			);
			inputFileListPaths = (
			);
			inputPaths = (
				"${PODS_PODFILE_DIR_PATH}/Podfile.lock",
				"${PODS_ROOT}/Manifest.lock",
			);
			name = "[CP] Check Pods Manifest.lock";
			outputFileListPaths = (
			);
			outputPaths = (
				"$(DERIVED_FILE_DIR)/Pods-LearnArabic-checkManifestLockResult.txt",
			);
			runOnlyForDeploymentPostprocessing = 0;
			shellPath = /bin/sh;
			shellScript = "diff \"${PODS_PODFILE_DIR_PATH}/Podfile.lock\" \"${PODS_ROOT}/Manifest.lock\" > /dev/null\nif [ $? != 0 ] ; then\n    # print error to STDERR\n    echo \"error: The sandbox is not in sync with the Podfile.lock. Run 'pod install' or update your CocoaPods installation.\" >&2\n    exit 1\nfi\n# This output is used by Xcode 'outputs' to avoid re-running this script phase.\necho \"SUCCESS\" > \"${SCRIPT_OUTPUT_FILE_0}\"\n";
			showEnvVarsInLog = 0;
		};
		C59DA0FBD6956966B86A3779 /* [CP] Embed Pods Frameworks */ = {
			isa = PBXShellScriptBuildPhase;
			buildActionMask = 2147483647;
			files = (
			);
			inputFileListPaths = (
				"${PODS_ROOT}/Target Support Files/Pods-LearnArabic-LearnArabicTests/Pods-LearnArabic-LearnArabicTests-frameworks-${CONFIGURATION}-input-files.xcfilelist",
			);
			name = "[CP] Embed Pods Frameworks";
			outputFileListPaths = (
				"${PODS_ROOT}/Target Support Files/Pods-LearnArabic-LearnArabicTests/Pods-LearnArabic-LearnArabicTests-frameworks-${CONFIGURATION}-output-files.xcfilelist",
			);
			runOnlyForDeploymentPostprocessing = 0;
			shellPath = /bin/sh;
			shellScript = "\"${PODS_ROOT}/Target Support Files/Pods-LearnArabic-LearnArabicTests/Pods-LearnArabic-LearnArabicTests-frameworks.sh\"\n";
			showEnvVarsInLog = 0;
		};
		E235C05ADACE081382539298 /* [CP] Copy Pods Resources */ = {
			isa = PBXShellScriptBuildPhase;
			buildActionMask = 2147483647;
			files = (
			);
			inputFileListPaths = (
				"${PODS_ROOT}/Target Support Files/Pods-LearnArabic/Pods-LearnArabic-resources-${CONFIGURATION}-input-files.xcfilelist",
			);
			name = "[CP] Copy Pods Resources";
			outputFileListPaths = (
				"${PODS_ROOT}/Target Support Files/Pods-LearnArabic/Pods-LearnArabic-resources-${CONFIGURATION}-output-files.xcfilelist",
			);
			runOnlyForDeploymentPostprocessing = 0;
			shellPath = /bin/sh;
			shellScript = "\"${PODS_ROOT}/Target Support Files/Pods-LearnArabic/Pods-LearnArabic-resources.sh\"\n";
			showEnvVarsInLog = 0;
		};
		F6A41C54EA430FDDC6A6ED99 /* [CP] Copy Pods Resources */ = {
			isa = PBXShellScriptBuildPhase;
			buildActionMask = 2147483647;
			files = (
			);
			inputFileListPaths = (
				"${PODS_ROOT}/Target Support Files/Pods-LearnArabic-LearnArabicTests/Pods-LearnArabic-LearnArabicTests-resources-${CONFIGURATION}-input-files.xcfilelist",
			);
			name = "[CP] Copy Pods Resources";
			outputFileListPaths = (
				"${PODS_ROOT}/Target Support Files/Pods-LearnArabic-LearnArabicTests/Pods-LearnArabic-LearnArabicTests-resources-${CONFIGURATION}-output-files.xcfilelist",
			);
			runOnlyForDeploymentPostprocessing = 0;
			shellPath = /bin/sh;
			shellScript = "\"${PODS_ROOT}/Target Support Files/Pods-LearnArabic-LearnArabicTests/Pods-LearnArabic-LearnArabicTests-resources.sh\"\n";
			showEnvVarsInLog = 0;
		};
		FD10A7F022414F080027D42C /* Start Packager */ = {
			isa = PBXShellScriptBuildPhase;
			buildActionMask = 2147483647;
			files = (
			);
			inputFileListPaths = (
			);
			inputPaths = (
			);
			name = "Start Packager";
			outputFileListPaths = (
			);
			outputPaths = (
			);
			runOnlyForDeploymentPostprocessing = 0;
			shellPath = /bin/sh;
			shellScript = "export RCT_METRO_PORT=\"${RCT_METRO_PORT:=8081}\"\necho \"export RCT_METRO_PORT=${RCT_METRO_PORT}\" > \"${SRCROOT}/../node_modules/react-native/scripts/.packager.env\"\nif [ -z \"${RCT_NO_LAUNCH_PACKAGER+xxx}\" ] ; then\n  if nc -w 5 -z localhost ${RCT_METRO_PORT} ; then\n    if ! curl -s \"http://localhost:${RCT_METRO_PORT}/status\" | grep -q \"packager-status:running\" ; then\n      echo \"Port ${RCT_METRO_PORT} already in use, packager is either not running or not running correctly\"\n      exit 2\n    fi\n  else\n    open \"$SRCROOT/../node_modules/react-native/scripts/launchPackager.command\" || echo \"Can't start packager automatically\"\n  fi\nfi\n";
			showEnvVarsInLog = 0;
		};
/* End PBXShellScriptBuildPhase section */

/* Begin PBXSourcesBuildPhase section */
		00E356EA1AD99517003FC87E /* Sources */ = {
			isa = PBXSourcesBuildPhase;
			buildActionMask = 2147483647;
			files = (
				00E356F31AD99517003FC87E /* LearnArabicTests.m in Sources */,
			);
			runOnlyForDeploymentPostprocessing = 0;
		};
		13B07F871A680F5B00A75B9A /* Sources */ = {
			isa = PBXSourcesBuildPhase;
			buildActionMask = 2147483647;
			files = (
				13B07FBC1A68108700A75B9A /* AppDelegate.mm in Sources */,
				13B07FC11A68108700A75B9A /* main.m in Sources */,
			);
			runOnlyForDeploymentPostprocessing = 0;
		};
/* End PBXSourcesBuildPhase section */

/* Begin PBXTargetDependency section */
		00E356F51AD99517003FC87E /* PBXTargetDependency */ = {
			isa = PBXTargetDependency;
			target = 13B07F861A680F5B00A75B9A /* LearnArabic */;
			targetProxy = 00E356F41AD99517003FC87E /* PBXContainerItemProxy */;
		};
/* End PBXTargetDependency section */

/* Begin XCBuildConfiguration section */
		00E356F61AD99517003FC87E /* Debug */ = {
			isa = XCBuildConfiguration;
			baseConfigurationReference = 5B7EB9410499542E8C5724F5 /* Pods-LearnArabic-LearnArabicTests.debug.xcconfig */;
			buildSettings = {
				BUNDLE_LOADER = "$(TEST_HOST)";
				GCC_PREPROCESSOR_DEFINITIONS = (
					"DEBUG=1",
					"$(inherited)",
				);
				INFOPLIST_FILE = LearnArabicTests/Info.plist;
				IPHONEOS_DEPLOYMENT_TARGET = 12.4;
				LD_RUNPATH_SEARCH_PATHS = (
					"$(inherited)",
					"@executable_path/Frameworks",
					"@loader_path/Frameworks",
				);
				OTHER_LDFLAGS = (
					"-ObjC",
					"-lc++",
					"$(inherited)",
				);
				PRODUCT_BUNDLE_IDENTIFIER = "org.reactjs.native.example.$(PRODUCT_NAME:rfc1034identifier)";
				PRODUCT_NAME = "$(TARGET_NAME)";
				TEST_HOST = "$(BUILT_PRODUCTS_DIR)/LearnArabic.app/LearnArabic";
			};
			name = Debug;
		};
		00E356F71AD99517003FC87E /* Release */ = {
			isa = XCBuildConfiguration;
			baseConfigurationReference = 89C6BE57DB24E9ADA2F236DE /* Pods-LearnArabic-LearnArabicTests.release.xcconfig */;
			buildSettings = {
				BUNDLE_LOADER = "$(TEST_HOST)";
				COPY_PHASE_STRIP = NO;
				INFOPLIST_FILE = LearnArabicTests/Info.plist;
				IPHONEOS_DEPLOYMENT_TARGET = 12.4;
				LD_RUNPATH_SEARCH_PATHS = (
					"$(inherited)",
					"@executable_path/Frameworks",
					"@loader_path/Frameworks",
				);
				OTHER_LDFLAGS = (
					"-ObjC",
					"-lc++",
					"$(inherited)",
				);
				PRODUCT_BUNDLE_IDENTIFIER = "org.reactjs.native.example.$(PRODUCT_NAME:rfc1034identifier)";
				PRODUCT_NAME = "$(TARGET_NAME)";
				TEST_HOST = "$(BUILT_PRODUCTS_DIR)/LearnArabic.app/LearnArabic";
			};
			name = Release;
		};
		13B07F941A680F5B00A75B9A /* Debug */ = {
			isa = XCBuildConfiguration;
			baseConfigurationReference = 3B4392A12AC88292D35C810B /* Pods-LearnArabic.debug.xcconfig */;
			buildSettings = {
				ASSETCATALOG_COMPILER_APPICON_NAME = AppIcon;
				CLANG_ENABLE_MODULES = YES;
				CURRENT_PROJECT_VERSION = 1;
				ENABLE_BITCODE = NO;
				INFOPLIST_FILE = LearnArabic/Info.plist;
				LD_RUNPATH_SEARCH_PATHS = (
					"$(inherited)",
					"@executable_path/Frameworks",
				);
				MARKETING_VERSION = 1.0;
				OTHER_LDFLAGS = (
					"$(inherited)",
					"-ObjC",
					"-lc++",
				);
				PRODUCT_BUNDLE_IDENTIFIER = "org.reactjs.native.example.$(PRODUCT_NAME:rfc1034identifier)";
				PRODUCT_NAME = LearnArabic;
				SWIFT_OPTIMIZATION_LEVEL = "-Onone";
				SWIFT_VERSION = 5.0;
				VERSIONING_SYSTEM = "apple-generic";
			};
			name = Debug;
		};
		13B07F951A680F5B00A75B9A /* Release */ = {
			isa = XCBuildConfiguration;
			baseConfigurationReference = 5709B34CF0A7D63546082F79 /* Pods-LearnArabic.release.xcconfig */;
			buildSettings = {
				ASSETCATALOG_COMPILER_APPICON_NAME = AppIcon;
				CLANG_ENABLE_MODULES = YES;
				CURRENT_PROJECT_VERSION = 1;
				INFOPLIST_FILE = LearnArabic/Info.plist;
				LD_RUNPATH_SEARCH_PATHS = (
					"$(inherited)",
					"@executable_path/Frameworks",
				);
				MARKETING_VERSION = 1.0;
				OTHER_LDFLAGS = (
					"$(inherited)",
					"-ObjC",
					"-lc++",
				);
				PRODUCT_BUNDLE_IDENTIFIER = "org.reactjs.native.example.$(PRODUCT_NAME:rfc1034identifier)";
				PRODUCT_NAME = LearnArabic;
				SWIFT_VERSION = 5.0;
				VERSIONING_SYSTEM = "apple-generic";
			};
			name = Release;
		};
		83CBBA201A601CBA00E9B192 /* Debug */ = {
			isa = XCBuildConfiguration;
			buildSettings = {
				ALWAYS_SEARCH_USER_PATHS = NO;
				CLANG_ANALYZER_LOCALIZABILITY_NONLOCALIZED = YES;
				CLANG_CXX_LANGUAGE_STANDARD = "c++17";
				CLANG_CXX_LIBRARY = "libc++";
				CLANG_ENABLE_MODULES = YES;
				CLANG_ENABLE_OBJC_ARC = YES;
				CLANG_WARN_BLOCK_CAPTURE_AUTORELEASING = YES;
				CLANG_WARN_BOOL_CONVERSION = YES;
				CLANG_WARN_COMMA = YES;
				CLANG_WARN_CONSTANT_CONVERSION = YES;
				CLANG_WARN_DEPRECATED_OBJC_IMPLEMENTATIONS = YES;
				CLANG_WARN_DIRECT_OBJC_ISA_USAGE = YES_ERROR;
				CLANG_WARN_EMPTY_BODY = YES;
				CLANG_WARN_ENUM_CONVERSION = YES;
				CLANG_WARN_INFINITE_RECURSION = YES;
				CLANG_WARN_INT_CONVERSION = YES;
				CLANG_WARN_NON_LITERAL_NULL_CONVERSION = YES;
				CLANG_WARN_OBJC_IMPLICIT_RETAIN_SELF = YES;
				CLANG_WARN_OBJC_LITERAL_CONVERSION = YES;
				CLANG_WARN_OBJC_ROOT_CLASS = YES_ERROR;
				CLANG_WARN_QUOTED_INCLUDE_IN_FRAMEWORK_HEADER = YES;
				CLANG_WARN_RANGE_LOOP_ANALYSIS = YES;
				CLANG_WARN_STRICT_PROTOTYPES = YES;
				CLANG_WARN_SUSPICIOUS_MOVE = YES;
				CLANG_WARN_UNREACHABLE_CODE = YES;
				CLANG_WARN__DUPLICATE_METHOD_MATCH = YES;
				"CODE_SIGN_IDENTITY[sdk=iphoneos*]" = "iPhone Developer";
				COPY_PHASE_STRIP = NO;
				ENABLE_STRICT_OBJC_MSGSEND = YES;
				ENABLE_TESTABILITY = YES;
				"EXCLUDED_ARCHS[sdk=iphonesimulator*]" = i386;
				GCC_C_LANGUAGE_STANDARD = gnu99;
				GCC_DYNAMIC_NO_PIC = NO;
				GCC_NO_COMMON_BLOCKS = YES;
				GCC_OPTIMIZATION_LEVEL = 0;
				GCC_PREPROCESSOR_DEFINITIONS = (
					"DEBUG=1",
					"$(inherited)",
					_LIBCPP_ENABLE_CXX17_REMOVED_UNARY_BINARY_FUNCTION,
				);
				GCC_SYMBOLS_PRIVATE_EXTERN = NO;
				GCC_WARN_64_TO_32_BIT_CONVERSION = YES;
				GCC_WARN_ABOUT_RETURN_TYPE = YES_ERROR;
				GCC_WARN_UNDECLARED_SELECTOR = YES;
				GCC_WARN_UNINITIALIZED_AUTOS = YES_AGGRESSIVE;
				GCC_WARN_UNUSED_FUNCTION = YES;
				GCC_WARN_UNUSED_VARIABLE = YES;
				IPHONEOS_DEPLOYMENT_TARGET = 12.4;
				LD_RUNPATH_SEARCH_PATHS = (
					/usr/lib/swift,
					"$(inherited)",
				);
				LIBRARY_SEARCH_PATHS = (
					"\"$(SDKROOT)/usr/lib/swift\"",
					"\"$(TOOLCHAIN_DIR)/usr/lib/swift/$(PLATFORM_NAME)\"",
					"\"$(inherited)\"",
				);
				MTL_ENABLE_DEBUG_INFO = YES;
				ONLY_ACTIVE_ARCH = YES;
				OTHER_CFLAGS = "$(inherited)";
				OTHER_CPLUSPLUSFLAGS = (
					"$(OTHER_CFLAGS)",
					"-DFOLLY_NO_CONFIG",
					"-DFOLLY_MOBILE=1",
					"-DFOLLY_USE_LIBCPP=1",
				);
				OTHER_LDFLAGS = (
					"$(inherited)",
					"-Wl",
					"-ld_classic",
				);
				REACT_NATIVE_PATH = "${PODS_ROOT}/../../node_modules/react-native";
				SDKROOT = iphoneos;
			};
			name = Debug;
		};
		83CBBA211A601CBA00E9B192 /* Release */ = {
			isa = XCBuildConfiguration;
			buildSettings = {
				ALWAYS_SEARCH_USER_PATHS = NO;
				CLANG_ANALYZER_LOCALIZABILITY_NONLOCALIZED = YES;
				CLANG_CXX_LANGUAGE_STANDARD = "c++17";
				CLANG_CXX_LIBRARY = "libc++";
				CLANG_ENABLE_MODULES = YES;
				CLANG_ENABLE_OBJC_ARC = YES;
				CLANG_WARN_BLOCK_CAPTURE_AUTORELEASING = YES;
				CLANG_WARN_BOOL_CONVERSION = YES;
				CLANG_WARN_COMMA = YES;
				CLANG_WARN_CONSTANT_CONVERSION = YES;
				CLANG_WARN_DEPRECATED_OBJC_IMPLEMENTATIONS = YES;
				CLANG_WARN_DIRECT_OBJC_ISA_USAGE = YES_ERROR;
				CLANG_WARN_EMPTY_BODY = YES;
				CLANG_WARN_ENUM_CONVERSION = YES;
				CLANG_WARN_INFINITE_RECURSION = YES;
				CLANG_WARN_INT_CONVERSION = YES;
				CLANG_WARN_NON_LITERAL_NULL_CONVERSION = YES;
				CLANG_WARN_OBJC_IMPLICIT_RETAIN_SELF = YES;
				CLANG_WARN_OBJC_LITERAL_CONVERSION = YES;
				CLANG_WARN_OBJC_ROOT_CLASS = YES_ERROR;
				CLANG_WARN_QUOTED_INCLUDE_IN_FRAMEWORK_HEADER = YES;
				CLANG_WARN_RANGE_LOOP_ANALYSIS = YES;
				CLANG_WARN_STRICT_PROTOTYPES = YES;
				CLANG_WARN_SUSPICIOUS_MOVE = YES;
				CLANG_WARN_UNREACHABLE_CODE = YES;
				CLANG_WARN__DUPLICATE_METHOD_MATCH = YES;
				"CODE_SIGN_IDENTITY[sdk=iphoneos*]" = "iPhone Developer";
				COPY_PHASE_STRIP = YES;
				ENABLE_NS_ASSERTIONS = NO;
				ENABLE_STRICT_OBJC_MSGSEND = YES;
				"EXCLUDED_ARCHS[sdk=iphonesimulator*]" = i386;
				GCC_C_LANGUAGE_STANDARD = gnu99;
				GCC_NO_COMMON_BLOCKS = YES;
				GCC_PREPROCESSOR_DEFINITIONS = (
					"$(inherited)",
					_LIBCPP_ENABLE_CXX17_REMOVED_UNARY_BINARY_FUNCTION,
				);
				GCC_WARN_64_TO_32_BIT_CONVERSION = YES;
				GCC_WARN_ABOUT_RETURN_TYPE = YES_ERROR;
				GCC_WARN_UNDECLARED_SELECTOR = YES;
				GCC_WARN_UNINITIALIZED_AUTOS = YES_AGGRESSIVE;
				GCC_WARN_UNUSED_FUNCTION = YES;
				GCC_WARN_UNUSED_VARIABLE = YES;
				IPHONEOS_DEPLOYMENT_TARGET = 12.4;
				LD_RUNPATH_SEARCH_PATHS = (
					/usr/lib/swift,
					"$(inherited)",
				);
				LIBRARY_SEARCH_PATHS = (
					"\"$(SDKROOT)/usr/lib/swift\"",
					"\"$(TOOLCHAIN_DIR)/usr/lib/swift/$(PLATFORM_NAME)\"",
					"\"$(inherited)\"",
				);
				MTL_ENABLE_DEBUG_INFO = NO;
				OTHER_CFLAGS = "$(inherited)";
				OTHER_CPLUSPLUSFLAGS = (
					"$(OTHER_CFLAGS)",
					"-DFOLLY_NO_CONFIG",
					"-DFOLLY_MOBILE=1",
					"-DFOLLY_USE_LIBCPP=1",
				);
				OTHER_LDFLAGS = (
					"$(inherited)",
					"-Wl",
					"-ld_classic",
				);
				REACT_NATIVE_PATH = "${PODS_ROOT}/../../node_modules/react-native";
				SDKROOT = iphoneos;
				VALIDATE_PRODUCT = YES;
			};
			name = Release;
		};
/* End XCBuildConfiguration section */

/* Begin XCConfigurationList section */
		00E357021AD99517003FC87E /* Build configuration list for PBXNativeTarget "LearnArabicTests" */ = {
			isa = XCConfigurationList;
			buildConfigurations = (
				00E356F61AD99517003FC87E /* Debug */,
				00E356F71AD99517003FC87E /* Release */,
			);
			defaultConfigurationIsVisible = 0;
			defaultConfigurationName = Release;
		};
		13B07F931A680F5B00A75B9A /* Build configuration list for PBXNativeTarget "LearnArabic" */ = {
			isa = XCConfigurationList;
			buildConfigurations = (
				13B07F941A680F5B00A75B9A /* Debug */,
				13B07F951A680F5B00A75B9A /* Release */,
			);
			defaultConfigurationIsVisible = 0;
			defaultConfigurationName = Release;
		};
		83CBB9FA1A601CBA00E9B192 /* Build configuration list for PBXProject "LearnArabic" */ = {
			isa = XCConfigurationList;
			buildConfigurations = (
				83CBBA201A601CBA00E9B192 /* Debug */,
				83CBBA211A601CBA00E9B192 /* Release */,
			);
			defaultConfigurationIsVisible = 0;
			defaultConfigurationName = Release;
		};
/* End XCConfigurationList section */
	};
	rootObject = 83CBB9F71A601CBA00E9B192 /* Project object */;
}
